
Microsoft Visual Studio Solution File, Format Version 12.00
# Visual Studio Version 16
VisualStudioVersion = 16.0.29102.190
MinimumVisualStudioVersion = 10.0.40219.1
Project("{FAE04EC0-301F-11D3-BF4B-00C04F79EFBC}") = "BooksManagementLib", "BooksManagementLib\BooksManagementLib.csproj", "{7BEEA201-4ED5-4AB8-9E5B-0D891A570F81}"
EndProject
Project("{FAE04EC0-301F-11D3-BF4B-00C04F79EFBC}") = "ManagerService", "ManagerService\ManagerService.csproj", "{2F7FDDD9-27B3-482B-93EB-D7850C91AE61}"
EndProject
Global
	GlobalSection(SolutionConfigurationPlatforms) = preSolution
		Debug|Any CPU = Debug|Any CPU
		Release|Any CPU = Release|Any CPU
	EndGlobalSection
	GlobalSection(ProjectConfigurationPlatforms) = postSolution
		{7BEEA201-4ED5-4AB8-9E5B-0D891A570F81}.Debug|Any CPU.ActiveCfg = Debug|Any CPU
		{7BEEA201-4ED5-4AB8-9E5B-0D891A570F81}.Debug|Any CPU.Build.0 = Debug|Any CPU
		{7BEEA201-4ED5-4AB8-9E5B-0D891A570F81}.Release|Any CPU.ActiveCfg = Release|Any CPU
		{7BEEA201-4ED5-4AB8-9E5B-0D891A570F81}.Release|Any CPU.Build.0 = Release|Any CPU
		{2F7FDDD9-27B3-482B-93EB-D7850C91AE61}.Debug|Any CPU.ActiveCfg = Debug|Any CPU
		{2F7FDDD9-27B3-482B-93EB-D7850C91AE61}.Debug|Any CPU.Build.0 = Debug|Any CPU
		{2F7FDDD9-27B3-482B-93EB-D7850C91AE61}.Release|Any CPU.ActiveCfg = Release|Any CPU
		{2F7FDDD9-27B3-482B-93EB-D7850C91AE61}.Release|Any CPU.Build.0 = Release|Any CPU
	EndGlobalSection
	GlobalSection(SolutionProperties) = preSolution
		HideSolutionNode = FALSE
	EndGlobalSection
	GlobalSection(ExtensibilityGlobals) = postSolution
		SolutionGuid = {E4821E5F-CBB2-4742-AAC2-6D2B25BC1FCD}
	EndGlobalSection
EndGlobal
