
Microsoft Visual Studio Solution File, Format Version 12.00
# Visual Studio Version 16
VisualStudioVersion = 16.0.29102.190
MinimumVisualStudioVersion = 10.0.40219.1
Project("{FAE04EC0-301F-11D3-BF4B-00C04F79EFBC}") = "SyncLib", "SyncLib\SyncLib.csproj", "{A15EB711-E869-43F4-98A5-DFF905BBD608}"
EndProject
Project("{FAE04EC0-301F-11D3-BF4B-00C04F79EFBC}") = "App", "App\App.csproj", "{828135BF-CFED-4540-9BDD-BE30B0626838}"
EndProject
Global
	GlobalSection(SolutionConfigurationPlatforms) = preSolution
		Debug|Any CPU = Debug|Any CPU
		Release|Any CPU = Release|Any CPU
	EndGlobalSection
	GlobalSection(ProjectConfigurationPlatforms) = postSolution
		{A15EB711-E869-43F4-98A5-DFF905BBD608}.Debug|Any CPU.ActiveCfg = Debug|Any CPU
		{A15EB711-E869-43F4-98A5-DFF905BBD608}.Debug|Any CPU.Build.0 = Debug|Any CPU
		{A15EB711-E869-43F4-98A5-DFF905BBD608}.Release|Any CPU.ActiveCfg = Release|Any CPU
		{A15EB711-E869-43F4-98A5-DFF905BBD608}.Release|Any CPU.Build.0 = Release|Any CPU
		{828135BF-CFED-4540-9BDD-BE30B0626838}.Debug|Any CPU.ActiveCfg = Debug|Any CPU
		{828135BF-CFED-4540-9BDD-BE30B0626838}.Debug|Any CPU.Build.0 = Debug|Any CPU
		{828135BF-CFED-4540-9BDD-BE30B0626838}.Release|Any CPU.ActiveCfg = Release|Any CPU
		{828135BF-CFED-4540-9BDD-BE30B0626838}.Release|Any CPU.Build.0 = Release|Any CPU
	EndGlobalSection
	GlobalSection(SolutionProperties) = preSolution
		HideSolutionNode = FALSE
	EndGlobalSection
	GlobalSection(ExtensibilityGlobals) = postSolution
		SolutionGuid = {3C4CD008-41EB-4DAF-BD5A-5C598E0EC85C}
	EndGlobalSection
EndGlobal
